
Microsoft Visual Studio Solution File, Format Version 12.00
# Visual Studio Version 17
VisualStudioVersion = 17.0.31903.59
MinimumVisualStudioVersion = 10.0.40219.1
Project("{2150E333-8FDC-42A3-9474-1A3956D46DE8}") = "s16con", "s16con", "{64099704-5E59-0A0B-10C7-A4FDBF8212AC}"
EndProject
Project("{FAE04EC0-301F-11D3-BF4B-00C04F79EFBC}") = "S16con", "s16con\S16con.csproj", "{7883B5DF-6978-4739-8599-860C04164CD9}"
EndProject
Project("{FAE04EC0-301F-11D3-BF4B-00C04F79EFBC}") = "S16con.Test", "s16con.Test\S16con.Test.csproj", "{6BD330B7-1722-4D28-949D-F5DAE3A2854E}"
EndProject
Global
	GlobalSection(SolutionConfigurationPlatforms) = preSolution
		Debug|Any CPU = Debug|Any CPU
		Debug|x64 = Debug|x64
		Debug|x86 = Debug|x86
		Release|Any CPU = Release|Any CPU
		Release|x64 = Release|x64
		Release|x86 = Release|x86
	EndGlobalSection
	GlobalSection(ProjectConfigurationPlatforms) = postSolution
		{7883B5DF-6978-4739-8599-860C04164CD9}.Debug|Any CPU.ActiveCfg = Debug|Any CPU
		{7883B5DF-6978-4739-8599-860C04164CD9}.Debug|Any CPU.Build.0 = Debug|Any CPU
		{7883B5DF-6978-4739-8599-860C04164CD9}.Debug|x64.ActiveCfg = Debug|Any CPU
		{7883B5DF-6978-4739-8599-860C04164CD9}.Debug|x64.Build.0 = Debug|Any CPU
		{7883B5DF-6978-4739-8599-860C04164CD9}.Debug|x86.ActiveCfg = Debug|Any CPU
		{7883B5DF-6978-4739-8599-860C04164CD9}.Debug|x86.Build.0 = Debug|Any CPU
		{7883B5DF-6978-4739-8599-860C04164CD9}.Release|Any CPU.ActiveCfg = Release|Any CPU
		{7883B5DF-6978-4739-8599-860C04164CD9}.Release|Any CPU.Build.0 = Release|Any CPU
		{7883B5DF-6978-4739-8599-860C04164CD9}.Release|x64.ActiveCfg = Release|Any CPU
		{7883B5DF-6978-4739-8599-860C04164CD9}.Release|x64.Build.0 = Release|Any CPU
		{7883B5DF-6978-4739-8599-860C04164CD9}.Release|x86.ActiveCfg = Release|Any CPU
		{7883B5DF-6978-4739-8599-860C04164CD9}.Release|x86.Build.0 = Release|Any CPU
		{6BD330B7-1722-4D28-949D-F5DAE3A2854E}.Debug|Any CPU.ActiveCfg = Debug|Any CPU
		{6BD330B7-1722-4D28-949D-F5DAE3A2854E}.Debug|Any CPU.Build.0 = Debug|Any CPU
		{6BD330B7-1722-4D28-949D-F5DAE3A2854E}.Debug|x64.ActiveCfg = Debug|Any CPU
		{6BD330B7-1722-4D28-949D-F5DAE3A2854E}.Debug|x64.Build.0 = Debug|Any CPU
		{6BD330B7-1722-4D28-949D-F5DAE3A2854E}.Debug|x86.ActiveCfg = Debug|Any CPU
		{6BD330B7-1722-4D28-949D-F5DAE3A2854E}.Debug|x86.Build.0 = Debug|Any CPU
		{6BD330B7-1722-4D28-949D-F5DAE3A2854E}.Release|Any CPU.ActiveCfg = Release|Any CPU
		{6BD330B7-1722-4D28-949D-F5DAE3A2854E}.Release|Any CPU.Build.0 = Release|Any CPU
		{6BD330B7-1722-4D28-949D-F5DAE3A2854E}.Release|x64.ActiveCfg = Release|Any CPU
		{6BD330B7-1722-4D28-949D-F5DAE3A2854E}.Release|x64.Build.0 = Release|Any CPU
		{6BD330B7-1722-4D28-949D-F5DAE3A2854E}.Release|x86.ActiveCfg = Release|Any CPU
		{6BD330B7-1722-4D28-949D-F5DAE3A2854E}.Release|x86.Build.0 = Release|Any CPU
	EndGlobalSection
	GlobalSection(SolutionProperties) = preSolution
		HideSolutionNode = FALSE
	EndGlobalSection
	GlobalSection(NestedProjects) = preSolution
		{7883B5DF-6978-4739-8599-860C04164CD9} = {64099704-5E59-0A0B-10C7-A4FDBF8212AC}
		{6BD330B7-1722-4D28-949D-F5DAE3A2854E} = {64099704-5E59-0A0B-10C7-A4FDBF8212AC}
	EndGlobalSection
EndGlobal
