
Microsoft Visual Studio Solution File, Format Version 12.00
# Visual Studio Version 17
VisualStudioVersion = 17.0.31903.59
MinimumVisualStudioVersion = 10.0.40219.1
Project("{2150E333-8FDC-42A3-9474-1A3956D46DE8}") = "s14con", "s14con", "{43735775-1672-BA58-A110-72FC051046F6}"
EndProject
Project("{FAE04EC0-301F-11D3-BF4B-00C04F79EFBC}") = "S14con", "s14con\S14con.csproj", "{B5C0FE81-978D-4B77-BDFC-DFB608989229}"
EndProject
Project("{FAE04EC0-301F-11D3-BF4B-00C04F79EFBC}") = "S14con.Test", "s14con.test\S14con.Test.csproj", "{72EB7BCD-0EDF-447B-A450-EAB1DD6BDB9A}"
EndProject
Global
	GlobalSection(SolutionConfigurationPlatforms) = preSolution
		Debug|Any CPU = Debug|Any CPU
		Debug|x64 = Debug|x64
		Debug|x86 = Debug|x86
		Release|Any CPU = Release|Any CPU
		Release|x64 = Release|x64
		Release|x86 = Release|x86
	EndGlobalSection
	GlobalSection(ProjectConfigurationPlatforms) = postSolution
		{B5C0FE81-978D-4B77-BDFC-DFB608989229}.Debug|Any CPU.ActiveCfg = Debug|Any CPU
		{B5C0FE81-978D-4B77-BDFC-DFB608989229}.Debug|Any CPU.Build.0 = Debug|Any CPU
		{B5C0FE81-978D-4B77-BDFC-DFB608989229}.Debug|x64.ActiveCfg = Debug|Any CPU
		{B5C0FE81-978D-4B77-BDFC-DFB608989229}.Debug|x64.Build.0 = Debug|Any CPU
		{B5C0FE81-978D-4B77-BDFC-DFB608989229}.Debug|x86.ActiveCfg = Debug|Any CPU
		{B5C0FE81-978D-4B77-BDFC-DFB608989229}.Debug|x86.Build.0 = Debug|Any CPU
		{B5C0FE81-978D-4B77-BDFC-DFB608989229}.Release|Any CPU.ActiveCfg = Release|Any CPU
		{B5C0FE81-978D-4B77-BDFC-DFB608989229}.Release|Any CPU.Build.0 = Release|Any CPU
		{B5C0FE81-978D-4B77-BDFC-DFB608989229}.Release|x64.ActiveCfg = Release|Any CPU
		{B5C0FE81-978D-4B77-BDFC-DFB608989229}.Release|x64.Build.0 = Release|Any CPU
		{B5C0FE81-978D-4B77-BDFC-DFB608989229}.Release|x86.ActiveCfg = Release|Any CPU
		{B5C0FE81-978D-4B77-BDFC-DFB608989229}.Release|x86.Build.0 = Release|Any CPU
		{72EB7BCD-0EDF-447B-A450-EAB1DD6BDB9A}.Debug|Any CPU.ActiveCfg = Debug|Any CPU
		{72EB7BCD-0EDF-447B-A450-EAB1DD6BDB9A}.Debug|Any CPU.Build.0 = Debug|Any CPU
		{72EB7BCD-0EDF-447B-A450-EAB1DD6BDB9A}.Debug|x64.ActiveCfg = Debug|Any CPU
		{72EB7BCD-0EDF-447B-A450-EAB1DD6BDB9A}.Debug|x64.Build.0 = Debug|Any CPU
		{72EB7BCD-0EDF-447B-A450-EAB1DD6BDB9A}.Debug|x86.ActiveCfg = Debug|Any CPU
		{72EB7BCD-0EDF-447B-A450-EAB1DD6BDB9A}.Debug|x86.Build.0 = Debug|Any CPU
		{72EB7BCD-0EDF-447B-A450-EAB1DD6BDB9A}.Release|Any CPU.ActiveCfg = Release|Any CPU
		{72EB7BCD-0EDF-447B-A450-EAB1DD6BDB9A}.Release|Any CPU.Build.0 = Release|Any CPU
		{72EB7BCD-0EDF-447B-A450-EAB1DD6BDB9A}.Release|x64.ActiveCfg = Release|Any CPU
		{72EB7BCD-0EDF-447B-A450-EAB1DD6BDB9A}.Release|x64.Build.0 = Release|Any CPU
		{72EB7BCD-0EDF-447B-A450-EAB1DD6BDB9A}.Release|x86.ActiveCfg = Release|Any CPU
		{72EB7BCD-0EDF-447B-A450-EAB1DD6BDB9A}.Release|x86.Build.0 = Release|Any CPU
	EndGlobalSection
	GlobalSection(SolutionProperties) = preSolution
		HideSolutionNode = FALSE
	EndGlobalSection
	GlobalSection(NestedProjects) = preSolution
		{B5C0FE81-978D-4B77-BDFC-DFB608989229} = {43735775-1672-BA58-A110-72FC051046F6}
		{72EB7BCD-0EDF-447B-A450-EAB1DD6BDB9A} = {43735775-1672-BA58-A110-72FC051046F6}
	EndGlobalSection
EndGlobal
