Microsoft Visual Studio Solution File, Format Version 12.00
# Visual Studio Version 17
VisualStudioVersion = 17.5.2.0
MinimumVisualStudioVersion = 10.0.40219.1
Project("{FAE04EC0-301F-11D3-BF4B-00C04F79EFBC}") = "L1", "L1\L1.csproj", "{07F1DC1C-9A72-7B0B-115D-F986106B9656}"
EndProject
Project("{FAE04EC0-301F-11D3-BF4B-00C04F79EFBC}") = "L21", "L21\L21.csproj", "{21D212EC-E5E0-1CC9-2C78-592E83230EB3}"
EndProject
Project("{FAE04EC0-301F-11D3-BF4B-00C04F79EFBC}") = "L22", "L22\L22.csproj", "{73CE945D-4547-6329-B54F-561567902755}"
EndProject
Project("{FAE04EC0-301F-11D3-BF4B-00C04F79EFBC}") = "L23", "L23\L23.csproj", "{EBE74089-A50E-AAE3-B8A3-F0D439C2F414}"
EndProject
Project("{2150E333-8FDC-42A3-9474-1A3956D46DE8}") = "L24", "L24", "{87BE234A-9C55-5898-0141-61000674F6AA}"
EndProject
Project("{2150E333-8FDC-42A3-9474-1A3956D46DE8}") = "L25", "L25", "{B5DD118F-1226-F106-1758-EFE4A9B14AE9}"
EndProject
Project("{FAE04EC0-301F-11D3-BF4B-00C04F79EFBC}") = "part 1", "L24\part 1\part 1.csproj", "{CD44A5AC-AF5C-E845-A404-005DBAD6AC72}"
EndProject
Project("{FAE04EC0-301F-11D3-BF4B-00C04F79EFBC}") = "part 2", "L24\part 2\part 2.csproj", "{D54F4355-2EBC-A176-393B-3A4471AC6A15}"
EndProject
Project("{FAE04EC0-301F-11D3-BF4B-00C04F79EFBC}") = "part 3", "L24\part 3\part 3.csproj", "{635B1E8F-923C-0086-C9E1-F3E038F4EF2C}"
EndProject
Project("{FAE04EC0-301F-11D3-BF4B-00C04F79EFBC}") = "part1", "L25\part1\part1.csproj", "{9DC056F0-175F-846F-FB2D-30D0B7543C83}"
EndProject
Project("{FAE04EC0-301F-11D3-BF4B-00C04F79EFBC}") = "part2", "L25\part2\part2.csproj", "{0D02054B-C038-84B2-09E7-9A8449D80E14}"
EndProject
Global
	GlobalSection(SolutionConfigurationPlatforms) = preSolution
		Debug|Any CPU = Debug|Any CPU
		Release|Any CPU = Release|Any CPU
	EndGlobalSection
	GlobalSection(ProjectConfigurationPlatforms) = postSolution
		{07F1DC1C-9A72-7B0B-115D-F986106B9656}.Debug|Any CPU.ActiveCfg = Debug|Any CPU
		{07F1DC1C-9A72-7B0B-115D-F986106B9656}.Debug|Any CPU.Build.0 = Debug|Any CPU
		{07F1DC1C-9A72-7B0B-115D-F986106B9656}.Release|Any CPU.ActiveCfg = Release|Any CPU
		{07F1DC1C-9A72-7B0B-115D-F986106B9656}.Release|Any CPU.Build.0 = Release|Any CPU
		{21D212EC-E5E0-1CC9-2C78-592E83230EB3}.Debug|Any CPU.ActiveCfg = Debug|Any CPU
		{21D212EC-E5E0-1CC9-2C78-592E83230EB3}.Debug|Any CPU.Build.0 = Debug|Any CPU
		{21D212EC-E5E0-1CC9-2C78-592E83230EB3}.Release|Any CPU.ActiveCfg = Release|Any CPU
		{21D212EC-E5E0-1CC9-2C78-592E83230EB3}.Release|Any CPU.Build.0 = Release|Any CPU
		{73CE945D-4547-6329-B54F-561567902755}.Debug|Any CPU.ActiveCfg = Debug|Any CPU
		{73CE945D-4547-6329-B54F-561567902755}.Debug|Any CPU.Build.0 = Debug|Any CPU
		{73CE945D-4547-6329-B54F-561567902755}.Release|Any CPU.ActiveCfg = Release|Any CPU
		{73CE945D-4547-6329-B54F-561567902755}.Release|Any CPU.Build.0 = Release|Any CPU
		{EBE74089-A50E-AAE3-B8A3-F0D439C2F414}.Debug|Any CPU.ActiveCfg = Debug|Any CPU
		{EBE74089-A50E-AAE3-B8A3-F0D439C2F414}.Debug|Any CPU.Build.0 = Debug|Any CPU
		{EBE74089-A50E-AAE3-B8A3-F0D439C2F414}.Release|Any CPU.ActiveCfg = Release|Any CPU
		{EBE74089-A50E-AAE3-B8A3-F0D439C2F414}.Release|Any CPU.Build.0 = Release|Any CPU
		{CD44A5AC-AF5C-E845-A404-005DBAD6AC72}.Debug|Any CPU.ActiveCfg = Debug|Any CPU
		{CD44A5AC-AF5C-E845-A404-005DBAD6AC72}.Debug|Any CPU.Build.0 = Debug|Any CPU
		{CD44A5AC-AF5C-E845-A404-005DBAD6AC72}.Release|Any CPU.ActiveCfg = Release|Any CPU
		{CD44A5AC-AF5C-E845-A404-005DBAD6AC72}.Release|Any CPU.Build.0 = Release|Any CPU
		{D54F4355-2EBC-A176-393B-3A4471AC6A15}.Debug|Any CPU.ActiveCfg = Debug|Any CPU
		{D54F4355-2EBC-A176-393B-3A4471AC6A15}.Debug|Any CPU.Build.0 = Debug|Any CPU
		{D54F4355-2EBC-A176-393B-3A4471AC6A15}.Release|Any CPU.ActiveCfg = Release|Any CPU
		{D54F4355-2EBC-A176-393B-3A4471AC6A15}.Release|Any CPU.Build.0 = Release|Any CPU
		{635B1E8F-923C-0086-C9E1-F3E038F4EF2C}.Debug|Any CPU.ActiveCfg = Debug|Any CPU
		{635B1E8F-923C-0086-C9E1-F3E038F4EF2C}.Debug|Any CPU.Build.0 = Debug|Any CPU
		{635B1E8F-923C-0086-C9E1-F3E038F4EF2C}.Release|Any CPU.ActiveCfg = Release|Any CPU
		{635B1E8F-923C-0086-C9E1-F3E038F4EF2C}.Release|Any CPU.Build.0 = Release|Any CPU
		{9DC056F0-175F-846F-FB2D-30D0B7543C83}.Debug|Any CPU.ActiveCfg = Debug|Any CPU
		{9DC056F0-175F-846F-FB2D-30D0B7543C83}.Debug|Any CPU.Build.0 = Debug|Any CPU
		{9DC056F0-175F-846F-FB2D-30D0B7543C83}.Release|Any CPU.ActiveCfg = Release|Any CPU
		{9DC056F0-175F-846F-FB2D-30D0B7543C83}.Release|Any CPU.Build.0 = Release|Any CPU
		{0D02054B-C038-84B2-09E7-9A8449D80E14}.Debug|Any CPU.ActiveCfg = Debug|Any CPU
		{0D02054B-C038-84B2-09E7-9A8449D80E14}.Debug|Any CPU.Build.0 = Debug|Any CPU
		{0D02054B-C038-84B2-09E7-9A8449D80E14}.Release|Any CPU.ActiveCfg = Release|Any CPU
		{0D02054B-C038-84B2-09E7-9A8449D80E14}.Release|Any CPU.Build.0 = Release|Any CPU
	EndGlobalSection
	GlobalSection(SolutionProperties) = preSolution
		HideSolutionNode = FALSE
	EndGlobalSection
	GlobalSection(NestedProjects) = preSolution
		{CD44A5AC-AF5C-E845-A404-005DBAD6AC72} = {87BE234A-9C55-5898-0141-61000674F6AA}
		{D54F4355-2EBC-A176-393B-3A4471AC6A15} = {87BE234A-9C55-5898-0141-61000674F6AA}
		{635B1E8F-923C-0086-C9E1-F3E038F4EF2C} = {87BE234A-9C55-5898-0141-61000674F6AA}
		{9DC056F0-175F-846F-FB2D-30D0B7543C83} = {B5DD118F-1226-F106-1758-EFE4A9B14AE9}
		{0D02054B-C038-84B2-09E7-9A8449D80E14} = {B5DD118F-1226-F106-1758-EFE4A9B14AE9}
	EndGlobalSection
	GlobalSection(ExtensibilityGlobals) = postSolution
		SolutionGuid = {B19D19E2-F1EA-452A-A2E6-579B4B3FC31C}
	EndGlobalSection
EndGlobal
